
Microsoft Visual Studio Solution File, Format Version 12.00
# Visual Studio Version 17
VisualStudioVersion = 17.10.34916.146
MinimumVisualStudioVersion = 10.0.40219.1
Project("{FAE04EC0-301F-11D3-BF4B-00C04F79EFBC}") = "AgeCalculatorApp", "AgeCalculatorApp\AgeCalculatorApp.csproj", "{1A9D1734-7865-4F2C-ACD9-7737A5BF8FAF}"
EndProject
Project("{FAE04EC0-301F-11D3-BF4B-00C04F79EFBC}") = "AgeCalculatorApp.Client", "AgeCalculatorApp.Client\AgeCalculatorApp.Client.csproj", "{B5801941-0B4B-468F-8E3F-B26A2A0A6B6F}"
EndProject
Global
	GlobalSection(SolutionConfigurationPlatforms) = preSolution
		Debug|Any CPU = Debug|Any CPU
		Release|Any CPU = Release|Any CPU
	EndGlobalSection
	GlobalSection(ProjectConfigurationPlatforms) = postSolution
		{1A9D1734-7865-4F2C-ACD9-7737A5BF8FAF}.Debug|Any CPU.ActiveCfg = Debug|Any CPU
		{1A9D1734-7865-4F2C-ACD9-7737A5BF8FAF}.Debug|Any CPU.Build.0 = Debug|Any CPU
		{1A9D1734-7865-4F2C-ACD9-7737A5BF8FAF}.Release|Any CPU.ActiveCfg = Release|Any CPU
		{1A9D1734-7865-4F2C-ACD9-7737A5BF8FAF}.Release|Any CPU.Build.0 = Release|Any CPU
		{B5801941-0B4B-468F-8E3F-B26A2A0A6B6F}.Debug|Any CPU.ActiveCfg = Debug|Any CPU
		{B5801941-0B4B-468F-8E3F-B26A2A0A6B6F}.Debug|Any CPU.Build.0 = Debug|Any CPU
		{B5801941-0B4B-468F-8E3F-B26A2A0A6B6F}.Release|Any CPU.ActiveCfg = Release|Any CPU
		{B5801941-0B4B-468F-8E3F-B26A2A0A6B6F}.Release|Any CPU.Build.0 = Release|Any CPU
	EndGlobalSection
	GlobalSection(SolutionProperties) = preSolution
		HideSolutionNode = FALSE
	EndGlobalSection
	GlobalSection(ExtensibilityGlobals) = postSolution
		SolutionGuid = {0BE4A286-1C4A-482A-80F2-B662BD6D4953}
	EndGlobalSection
EndGlobal
